// !$*UTF8*$!
{
	archiveVersion = 1;
	classes = {
	};
	objectVersion = 55;
	objects = {

/* Begin PBXBuildFile section */
		2912E5FC278D34D600CEA0F8 /* AppDelegate.swift in Sources */ = {isa = PBXBuildFile; fileRef = 2912E5FB278D34D600CEA0F8 /* AppDelegate.swift */; };
		2912E5FE278D34D600CEA0F8 /* SceneDelegate.swift in Sources */ = {isa = PBXBuildFile; fileRef = 2912E5FD278D34D600CEA0F8 /* SceneDelegate.swift */; };
		2912E600278D34D600CEA0F8 /* ViewController.swift in Sources */ = {isa = PBXBuildFile; fileRef = 2912E5FF278D34D600CEA0F8 /* ViewController.swift */; };
		2912E603278D34D600CEA0F8 /* Main.storyboard in Resources */ = {isa = PBXBuildFile; fileRef = 2912E601278D34D600CEA0F8 /* Main.storyboard */; };
		2912E605278D34D800CEA0F8 /* Assets.xcassets in Resources */ = {isa = PBXBuildFile; fileRef = 2912E604278D34D800CEA0F8 /* Assets.xcassets */; };
		2912E608278D34D800CEA0F8 /* LaunchScreen.storyboard in Resources */ = {isa = PBXBuildFile; fileRef = 2912E606278D34D800CEA0F8 /* LaunchScreen.storyboard */; };
		2912E611278D3A7F00CEA0F8 /* SNTabBarController.swift in Sources */ = {isa = PBXBuildFile; fileRef = 2912E610278D3A7F00CEA0F8 /* SNTabBarController.swift */; };
		2912E613278D3B5B00CEA0F8 /* SNTabBar.swift in Sources */ = {isa = PBXBuildFile; fileRef = 2912E612278D3B5B00CEA0F8 /* SNTabBar.swift */; };
		2912E615278D3B6C00CEA0F8 /* SNTabBarItem.swift in Sources */ = {isa = PBXBuildFile; fileRef = 2912E614278D3B6C00CEA0F8 /* SNTabBarItem.swift */; };
		295C1D43278E78D2009EF5A5 /* bg_image.png in Resources */ = {isa = PBXBuildFile; fileRef = 295C1D42278E78D1009EF5A5 /* bg_image.png */; };
/* End PBXBuildFile section */

/* Begin PBXFileReference section */
		2912E5F8278D34D600CEA0F8 /* SNTabBarDemo-Swift.app */ = {isa = PBXFileReference; explicitFileType = wrapper.application; includeInIndex = 0; path = "SNTabBarDemo-Swift.app"; sourceTree = BUILT_PRODUCTS_DIR; };
		2912E5FB278D34D600CEA0F8 /* AppDelegate.swift */ = {isa = PBXFileReference; lastKnownFileType = sourcecode.swift; path = AppDelegate.swift; sourceTree = "<group>"; };
		2912E5FD278D34D600CEA0F8 /* SceneDelegate.swift */ = {isa = PBXFileReference; lastKnownFileType = sourcecode.swift; path = SceneDelegate.swift; sourceTree = "<group>"; };
		2912E5FF278D34D600CEA0F8 /* ViewController.swift */ = {isa = PBXFileReference; lastKnownFileType = sourcecode.swift; path = ViewController.swift; sourceTree = "<group>"; };
		2912E602278D34D600CEA0F8 /* Base */ = {isa = PBXFileReference; lastKnownFileType = file.storyboard; name = Base; path = Base.lproj/Main.storyboard; sourceTree = "<group>"; };
		2912E604278D34D800CEA0F8 /* Assets.xcassets */ = {isa = PBXFileReference; lastKnownFileType = folder.assetcatalog; path = Assets.xcassets; sourceTree = "<group>"; };
		2912E607278D34D800CEA0F8 /* Base */ = {isa = PBXFileReference; lastKnownFileType = file.storyboard; name = Base; path = Base.lproj/LaunchScreen.storyboard; sourceTree = "<group>"; };
		2912E609278D34D800CEA0F8 /* Info.plist */ = {isa = PBXFileReference; lastKnownFileType = text.plist.xml; path = Info.plist; sourceTree = "<group>"; };
		2912E610278D3A7F00CEA0F8 /* SNTabBarController.swift */ = {isa = PBXFileReference; lastKnownFileType = sourcecode.swift; path = SNTabBarController.swift; sourceTree = "<group>"; };
		2912E612278D3B5B00CEA0F8 /* SNTabBar.swift */ = {isa = PBXFileReference; lastKnownFileType = sourcecode.swift; path = SNTabBar.swift; sourceTree = "<group>"; };
		2912E614278D3B6C00CEA0F8 /* SNTabBarItem.swift */ = {isa = PBXFileReference; lastKnownFileType = sourcecode.swift; path = SNTabBarItem.swift; sourceTree = "<group>"; };
		295C1D42278E78D1009EF5A5 /* bg_image.png */ = {isa = PBXFileReference; lastKnownFileType = image.png; path = bg_image.png; sourceTree = "<group>"; };
/* End PBXFileReference section */

/* Begin PBXFrameworksBuildPhase section */
		2912E5F5278D34D600CEA0F8 /* Frameworks */ = {
			isa = PBXFrameworksBuildPhase;
			buildActionMask = 2147483647;
			files = (
			);
			runOnlyForDeploymentPostprocessing = 0;
		};
/* End PBXFrameworksBuildPhase section */

/* Begin PBXGroup section */
		2912E5EF278D34D600CEA0F8 = {
			isa = PBXGroup;
			children = (
				2912E5FA278D34D600CEA0F8 /* SNTabBarDemo-Swift */,
				2912E5F9278D34D600CEA0F8 /* Products */,
			);
			sourceTree = "<group>";
		};
		2912E5F9278D34D600CEA0F8 /* Products */ = {
			isa = PBXGroup;
			children = (
				2912E5F8278D34D600CEA0F8 /* SNTabBarDemo-Swift.app */,
			);
			name = Products;
			sourceTree = "<group>";
		};
		2912E5FA278D34D600CEA0F8 /* SNTabBarDemo-Swift */ = {
			isa = PBXGroup;
			children = (
				2912E5FB278D34D600CEA0F8 /* AppDelegate.swift */,
				2912E5FD278D34D600CEA0F8 /* SceneDelegate.swift */,
				2912E5FF278D34D600CEA0F8 /* ViewController.swift */,
				2912E60F278D3A5700CEA0F8 /* SNTabBarController */,
				2912E601278D34D600CEA0F8 /* Main.storyboard */,
				2912E604278D34D800CEA0F8 /* Assets.xcassets */,
				2912E606278D34D800CEA0F8 /* LaunchScreen.storyboard */,
				2912E609278D34D800CEA0F8 /* Info.plist */,
			);
			path = "SNTabBarDemo-Swift";
			sourceTree = "<group>";
		};
		2912E60F278D3A5700CEA0F8 /* SNTabBarController */ = {
			isa = PBXGroup;
			children = (
				295C1D42278E78D1009EF5A5 /* bg_image.png */,
				2912E610278D3A7F00CEA0F8 /* SNTabBarController.swift */,
				2912E612278D3B5B00CEA0F8 /* SNTabBar.swift */,
				2912E614278D3B6C00CEA0F8 /* SNTabBarItem.swift */,
			);
			path = SNTabBarController;
			sourceTree = "<group>";
		};
/* End PBXGroup section */

/* Begin PBXNativeTarget section */
		2912E5F7278D34D600CEA0F8 /* SNTabBarDemo-Swift */ = {
			isa = PBXNativeTarget;
			buildConfigurationList = 2912E60C278D34D800CEA0F8 /* Build configuration list for PBXNativeTarget "SNTabBarDemo-Swift" */;
			buildPhases = (
				2912E5F4278D34D600CEA0F8 /* Sources */,
				2912E5F5278D34D600CEA0F8 /* Frameworks */,
				2912E5F6278D34D600CEA0F8 /* Resources */,
			);
			buildRules = (
			);
			dependencies = (
			);
			name = "SNTabBarDemo-Swift";
			productName = "SNTabBarDemo-Swift";
			productReference = 2912E5F8278D34D600CEA0F8 /* SNTabBarDemo-Swift.app */;
			productType = "com.apple.product-type.application";
		};
/* End PBXNativeTarget section */

/* Begin PBXProject section */
		2912E5F0278D34D600CEA0F8 /* Project object */ = {
			isa = PBXProject;
			attributes = {
				BuildIndependentTargetsInParallel = 1;
				LastSwiftUpdateCheck = 1320;
				LastUpgradeCheck = 1320;
				TargetAttributes = {
					2912E5F7278D34D600CEA0F8 = {
						CreatedOnToolsVersion = 13.2.1;
					};
				};
			};
			buildConfigurationList = 2912E5F3278D34D600CEA0F8 /* Build configuration list for PBXProject "SNTabBarDemo-Swift" */;
			compatibilityVersion = "Xcode 13.0";
			developmentRegion = en;
			hasScannedForEncodings = 0;
			knownRegions = (
				en,
				Base,
			);
			mainGroup = 2912E5EF278D34D600CEA0F8;
			productRefGroup = 2912E5F9278D34D600CEA0F8 /* Products */;
			projectDirPath = "";
			projectRoot = "";
			targets = (
				2912E5F7278D34D600CEA0F8 /* SNTabBarDemo-Swift */,
			);
		};
/* End PBXProject section */

/* Begin PBXResourcesBuildPhase section */
		2912E5F6278D34D600CEA0F8 /* Resources */ = {
			isa = PBXResourcesBuildPhase;
			buildActionMask = 2147483647;
			files = (
				2912E608278D34D800CEA0F8 /* LaunchScreen.storyboard in Resources */,
				2912E605278D34D800CEA0F8 /* Assets.xcassets in Resources */,
				295C1D43278E78D2009EF5A5 /* bg_image.png in Resources */,
				2912E603278D34D600CEA0F8 /* Main.storyboard in Resources */,
			);
			runOnlyForDeploymentPostprocessing = 0;
		};
/* End PBXResourcesBuildPhase section */

/* Begin PBXSourcesBuildPhase section */
		2912E5F4278D34D600CEA0F8 /* Sources */ = {
			isa = PBXSourcesBuildPhase;
			buildActionMask = 2147483647;
			files = (
				2912E613278D3B5B00CEA0F8 /* SNTabBar.swift in Sources */,
				2912E615278D3B6C00CEA0F8 /* SNTabBarItem.swift in Sources */,
				2912E611278D3A7F00CEA0F8 /* SNTabBarController.swift in Sources */,
				2912E600278D34D600CEA0F8 /* ViewController.swift in Sources */,
				2912E5FC278D34D600CEA0F8 /* AppDelegate.swift in Sources */,
				2912E5FE278D34D600CEA0F8 /* SceneDelegate.swift in Sources */,
			);
			runOnlyForDeploymentPostprocessing = 0;
		};
/* End PBXSourcesBuildPhase section */

/* Begin PBXVariantGroup section */
		2912E601278D34D600CEA0F8 /* Main.storyboard */ = {
			isa = PBXVariantGroup;
			children = (
				2912E602278D34D600CEA0F8 /* Base */,
			);
			name = Main.storyboard;
			sourceTree = "<group>";
		};
		2912E606278D34D800CEA0F8 /* LaunchScreen.storyboard */ = {
			isa = PBXVariantGroup;
			children = (
				2912E607278D34D800CEA0F8 /* Base */,
			);
			name = LaunchScreen.storyboard;
			sourceTree = "<group>";
		};
/* End PBXVariantGroup section */

/* Begin XCBuildConfiguration section */
		2912E60A278D34D800CEA0F8 /* Debug */ = {
			isa = XCBuildConfiguration;
			buildSettings = {
				ALWAYS_SEARCH_USER_PATHS = NO;
				CLANG_ANALYZER_NONNULL = YES;
				CLANG_ANALYZER_NUMBER_OBJECT_CONVERSION = YES_AGGRESSIVE;
				CLANG_CXX_LANGUAGE_STANDARD = "gnu++17";
				CLANG_CXX_LIBRARY = "libc++";
				CLANG_ENABLE_MODULES = YES;
				CLANG_ENABLE_OBJC_ARC = YES;
				CLANG_ENABLE_OBJC_WEAK = YES;
				CLANG_WARN_BLOCK_CAPTURE_AUTORELEASING = YES;
				CLANG_WARN_BOOL_CONVERSION = YES;
				CLANG_WARN_COMMA = YES;
				CLANG_WARN_CONSTANT_CONVERSION = YES;
				CLANG_WARN_DEPRECATED_OBJC_IMPLEMENTATIONS = YES;
				CLANG_WARN_DIRECT_OBJC_ISA_USAGE = YES_ERROR;
				CLANG_WARN_DOCUMENTATION_COMMENTS = YES;
				CLANG_WARN_EMPTY_BODY = YES;
				CLANG_WARN_ENUM_CONVERSION = YES;
				CLANG_WARN_INFINITE_RECURSION = YES;
				CLANG_WARN_INT_CONVERSION = YES;
				CLANG_WARN_NON_LITERAL_NULL_CONVERSION = YES;
				CLANG_WARN_OBJC_IMPLICIT_RETAIN_SELF = YES;
				CLANG_WARN_OBJC_LITERAL_CONVERSION = YES;
				CLANG_WARN_OBJC_ROOT_CLASS = YES_ERROR;
				CLANG_WARN_QUOTED_INCLUDE_IN_FRAMEWORK_HEADER = YES;
				CLANG_WARN_RANGE_LOOP_ANALYSIS = YES;
				CLANG_WARN_STRICT_PROTOTYPES = YES;
				CLANG_WARN_SUSPICIOUS_MOVE = YES;
				CLANG_WARN_UNGUARDED_AVAILABILITY = YES_AGGRESSIVE;
				CLANG_WARN_UNREACHABLE_CODE = YES;
				CLANG_WARN__DUPLICATE_METHOD_MATCH = YES;
				COPY_PHASE_STRIP = NO;
				DEBUG_INFORMATION_FORMAT = dwarf;
				ENABLE_STRICT_OBJC_MSGSEND = YES;
				ENABLE_TESTABILITY = YES;
				GCC_C_LANGUAGE_STANDARD = gnu11;
				GCC_DYNAMIC_NO_PIC = NO;
				GCC_NO_COMMON_BLOCKS = YES;
				GCC_OPTIMIZATION_LEVEL = 0;
				GCC_PREPROCESSOR_DEFINITIONS = (
					"DEBUG=1",
					"$(inherited)",
				);
				GCC_WARN_64_TO_32_BIT_CONVERSION = YES;
				GCC_WARN_ABOUT_RETURN_TYPE = YES_ERROR;
				GCC_WARN_UNDECLARED_SELECTOR = YES;
				GCC_WARN_UNINITIALIZED_AUTOS = YES_AGGRESSIVE;
				GCC_WARN_UNUSED_FUNCTION = YES;
				GCC_WARN_UNUSED_VARIABLE = YES;
				IPHONEOS_DEPLOYMENT_TARGET = 15.2;
				MTL_ENABLE_DEBUG_INFO = INCLUDE_SOURCE;
				MTL_FAST_MATH = YES;
				ONLY_ACTIVE_ARCH = YES;
				SDKROOT = iphoneos;
				SWIFT_ACTIVE_COMPILATION_CONDITIONS = DEBUG;
				SWIFT_OPTIMIZATION_LEVEL = "-Onone";
			};
			name = Debug;
		};
		2912E60B278D34D800CEA0F8 /* Release */ = {
			isa = XCBuildConfiguration;
			buildSettings = {
				ALWAYS_SEARCH_USER_PATHS = NO;
				CLANG_ANALYZER_NONNULL = YES;
				CLANG_ANALYZER_NUMBER_OBJECT_CONVERSION = YES_AGGRESSIVE;
				CLANG_CXX_LANGUAGE_STANDARD = "gnu++17";
				CLANG_CXX_LIBRARY = "libc++";
				CLANG_ENABLE_MODULES = YES;
				CLANG_ENABLE_OBJC_ARC = YES;
				CLANG_ENABLE_OBJC_WEAK = YES;
				CLANG_WARN_BLOCK_CAPTURE_AUTORELEASING = YES;
				CLANG_WARN_BOOL_CONVERSION = YES;
				CLANG_WARN_COMMA = YES;
				CLANG_WARN_CONSTANT_CONVERSION = YES;
				CLANG_WARN_DEPRECATED_OBJC_IMPLEMENTATIONS = YES;
				CLANG_WARN_DIRECT_OBJC_ISA_USAGE = YES_ERROR;
				CLANG_WARN_DOCUMENTATION_COMMENTS = YES;
				CLANG_WARN_EMPTY_BODY = YES;
				CLANG_WARN_ENUM_CONVERSION = YES;
				CLANG_WARN_INFINITE_RECURSION = YES;
				CLANG_WARN_INT_CONVERSION = YES;
				CLANG_WARN_NON_LITERAL_NULL_CONVERSION = YES;
				CLANG_WARN_OBJC_IMPLICIT_RETAIN_SELF = YES;
				CLANG_WARN_OBJC_LITERAL_CONVERSION = YES;
				CLANG_WARN_OBJC_ROOT_CLASS = YES_ERROR;
				CLANG_WARN_QUOTED_INCLUDE_IN_FRAMEWORK_HEADER = YES;
				CLANG_WARN_RANGE_LOOP_ANALYSIS = YES;
				CLANG_WARN_STRICT_PROTOTYPES = YES;
				CLANG_WARN_SUSPICIOUS_MOVE = YES;
				CLANG_WARN_UNGUARDED_AVAILABILITY = YES_AGGRESSIVE;
				CLANG_WARN_UNREACHABLE_CODE = YES;
				CLANG_WARN__DUPLICATE_METHOD_MATCH = YES;
				COPY_PHASE_STRIP = NO;
				DEBUG_INFORMATION_FORMAT = "dwarf-with-dsym";
				ENABLE_NS_ASSERTIONS = NO;
				ENABLE_STRICT_OBJC_MSGSEND = YES;
				GCC_C_LANGUAGE_STANDARD = gnu11;
				GCC_NO_COMMON_BLOCKS = YES;
				GCC_WARN_64_TO_32_BIT_CONVERSION = YES;
				GCC_WARN_ABOUT_RETURN_TYPE = YES_ERROR;
				GCC_WARN_UNDECLARED_SELECTOR = YES;
				GCC_WARN_UNINITIALIZED_AUTOS = YES_AGGRESSIVE;
				GCC_WARN_UNUSED_FUNCTION = YES;
				GCC_WARN_UNUSED_VARIABLE = YES;
				IPHONEOS_DEPLOYMENT_TARGET = 15.2;
				MTL_ENABLE_DEBUG_INFO = NO;
				MTL_FAST_MATH = YES;
				SDKROOT = iphoneos;
				SWIFT_COMPILATION_MODE = wholemodule;
				SWIFT_OPTIMIZATION_LEVEL = "-O";
				VALIDATE_PRODUCT = YES;
			};
			name = Release;
		};
		2912E60D278D34D800CEA0F8 /* Debug */ = {
			isa = XCBuildConfiguration;
			buildSettings = {
				ASSETCATALOG_COMPILER_APPICON_NAME = AppIcon;
				ASSETCATALOG_COMPILER_GLOBAL_ACCENT_COLOR_NAME = AccentColor;
				CODE_SIGN_STYLE = Automatic;
				CURRENT_PROJECT_VERSION = 1;
				GENERATE_INFOPLIST_FILE = YES;
				INFOPLIST_FILE = "SNTabBarDemo-Swift/Info.plist";
				INFOPLIST_KEY_UIApplicationSupportsIndirectInputEvents = YES;
				INFOPLIST_KEY_UILaunchStoryboardName = LaunchScreen;
				INFOPLIST_KEY_UIMainStoryboardFile = Main;
				INFOPLIST_KEY_UISupportedInterfaceOrientations_iPad = "UIInterfaceOrientationPortrait UIInterfaceOrientationPortraitUpsideDown UIInterfaceOrientationLandscapeLeft UIInterfaceOrientationLandscapeRight";
				INFOPLIST_KEY_UISupportedInterfaceOrientations_iPhone = "UIInterfaceOrientationPortrait UIInterfaceOrientationLandscapeLeft UIInterfaceOrientationLandscapeRight";
				LD_RUNPATH_SEARCH_PATHS = (
					"$(inherited)",
					"@executable_path/Frameworks",
				);
				MARKETING_VERSION = 1.0;
				PRODUCT_BUNDLE_IDENTIFIER = "Shawn.SNTabBarDemo-Swift";
				PRODUCT_NAME = "$(TARGET_NAME)";
				SWIFT_EMIT_LOC_STRINGS = YES;
				SWIFT_VERSION = 5.0;
				TARGETED_DEVICE_FAMILY = "1,2";
			};
			name = Debug;
		};
		2912E60E278D34D800CEA0F8 /* Release */ = {
			isa = XCBuildConfiguration;
			buildSettings = {
				ASSETCATALOG_COMPILER_APPICON_NAME = AppIcon;
				ASSETCATALOG_COMPILER_GLOBAL_ACCENT_COLOR_NAME = AccentColor;
				CODE_SIGN_STYLE = Automatic;
				CURRENT_PROJECT_VERSION = 1;
				GENERATE_INFOPLIST_FILE = YES;
				INFOPLIST_FILE = "SNTabBarDemo-Swift/Info.plist";
				INFOPLIST_KEY_UIApplicationSupportsIndirectInputEvents = YES;
				INFOPLIST_KEY_UILaunchStoryboardName = LaunchScreen;
				INFOPLIST_KEY_UIMainStoryboardFile = Main;
				INFOPLIST_KEY_UISupportedInterfaceOrientations_iPad = "UIInterfaceOrientationPortrait UIInterfaceOrientationPortraitUpsideDown UIInterfaceOrientationLandscapeLeft UIInterfaceOrientationLandscapeRight";
				INFOPLIST_KEY_UISupportedInterfaceOrientations_iPhone = "UIInterfaceOrientationPortrait UIInterfaceOrientationLandscapeLeft UIInterfaceOrientationLandscapeRight";
				LD_RUNPATH_SEARCH_PATHS = (
					"$(inherited)",
					"@executable_path/Frameworks",
				);
				MARKETING_VERSION = 1.0;
				PRODUCT_BUNDLE_IDENTIFIER = "Shawn.SNTabBarDemo-Swift";
				PRODUCT_NAME = "$(TARGET_NAME)";
				SWIFT_EMIT_LOC_STRINGS = YES;
				SWIFT_VERSION = 5.0;
				TARGETED_DEVICE_FAMILY = "1,2";
			};
			name = Release;
		};
/* End XCBuildConfiguration section */

/* Begin XCConfigurationList section */
		2912E5F3278D34D600CEA0F8 /* Build configuration list for PBXProject "SNTabBarDemo-Swift" */ = {
			isa = XCConfigurationList;
			buildConfigurations = (
				2912E60A278D34D800CEA0F8 /* Debug */,
				2912E60B278D34D800CEA0F8 /* Release */,
			);
			defaultConfigurationIsVisible = 0;
			defaultConfigurationName = Release;
		};
		2912E60C278D34D800CEA0F8 /* Build configuration list for PBXNativeTarget "SNTabBarDemo-Swift" */ = {
			isa = XCConfigurationList;
			buildConfigurations = (
				2912E60D278D34D800CEA0F8 /* Debug */,
				2912E60E278D34D800CEA0F8 /* Release */,
			);
			defaultConfigurationIsVisible = 0;
			defaultConfigurationName = Release;
		};
/* End XCConfigurationList section */
	};
	rootObject = 2912E5F0278D34D600CEA0F8 /* Project object */;
}
